PODS:
  - audio_session (0.0.1):
    - Flutter
  - Flutter (1.0.0)
  - just_audio (0.0.1):
    - Flutter
  - package_info_plus (0.4.5):
    - Flutter
  - path_provider_foundation (0.0.1):
    - Flutter
    - FlutterMacOS

DEPENDENCIES:
  - audio_session (from `.symlinks/plugins/audio_session/ios`)
  - Flutter (from `Flutter`)
  - just_audio (from `.symlinks/plugins/just_audio/ios`)
  - package_info_plus (from `.symlinks/plugins/package_info_plus/ios`)
  - path_provider_foundation (from `.symlinks/plugins/path_provider_foundation/ios`)

EXTERNAL SOURCES:
  audio_session:
    :path: ".symlinks/plugins/audio_session/ios"
  Flutter:
    :path: Flutter
  just_audio:
    :path: ".symlinks/plugins/just_audio/ios"
  package_info_plus:
    :path: ".symlinks/plugins/package_info_plus/ios"
  path_provider_foundation:
    :path: ".symlinks/plugins/path_provider_foundation/ios"

SPEC CHECKSUMS:
  audio_session: 4f3e461722055d21515cf3261b64c973c062f345
  Flutter: f04841e97a9d0b0a8025694d0796dd46242b2854
  just_audio: baa7252489dbcf47a4c7cc9ca663e9661c99aafa
  package_info_plus: 6c92f08e1f853dc01228d6f553146438dafcd14e
  path_provider_foundation: 37748e03f12783f9de2cb2c4eadfaa25fe6d4852

PODFILE CHECKSUM: 663715e941f9adb426e33bf9376914006f9ea95b

COCOAPODS: 1.11.3
